PODS:
  - ReactiveCocoa (2.1.8):
    - ReactiveCocoa/Core (= 2.1.8)
    - ReactiveCocoa/no-arc (= 2.1.8)
  - ReactiveCocoa/Core (2.1.8):
    - ReactiveCocoa/no-arc
  - ReactiveCocoa/no-arc (2.1.8)

DEPENDENCIES:
  - ReactiveCocoa (= 2.1.8)

SPEC CHECKSUMS:
  ReactiveCocoa: f89f2e009a87951b50321bf9feb958823fcc617e

PODFILE CHECKSUM: 0da8835da0aff9f8e6b87424a68f6e07a875f8f6

COCOAPODS: 1.4.0.rc.1
